Microsoft Visual Studio Solution File, Format Version 12.00
# Visual Studio Version 17
VisualStudioVersion = 17.5.2.0
MinimumVisualStudioVersion = 10.0.40219.1
Project("{FAE04EC0-301F-11D3-BF4B-00C04F79EFBC}") = "FPGA", "FPGA\FPGA.csproj", "{800C29E8-C40E-1309-A620-2733328FEB78}"
EndProject
Global
	GlobalSection(SolutionConfigurationPlatforms) = preSolution
		Debug|Any CPU = Debug|Any CPU
		Release|Any CPU = Release|Any CPU
	EndGlobalSection
	GlobalSection(ProjectConfigurationPlatforms) = postSolution
		{800C29E8-C40E-1309-A620-2733328FEB78}.Debug|Any CPU.ActiveCfg = Debug|Any CPU
		{800C29E8-C40E-1309-A620-2733328FEB78}.Debug|Any CPU.Build.0 = Debug|Any CPU
		{800C29E8-C40E-1309-A620-2733328FEB78}.Release|Any CPU.ActiveCfg = Release|Any CPU
		{800C29E8-C40E-1309-A620-2733328FEB78}.Release|Any CPU.Build.0 = Release|Any CPU
	EndGlobalSection
	GlobalSection(SolutionProperties) = preSolution
		HideSolutionNode = FALSE
	EndGlobalSection
	GlobalSection(ExtensibilityGlobals) = postSolution
		SolutionGuid = {448B3850-F0AF-425F-BF3C-93B3F950104A}
	EndGlobalSection
EndGlobal
